
Microsoft Visual Studio Solution File, Format Version 12.00
# Visual Studio Version 17
VisualStudioVersion = 17.5.33516.290
MinimumVisualStudioVersion = 10.0.40219.1
Project("{FAE04EC0-301F-11D3-BF4B-00C04F79EFBC}") = "FashionForward", "FashionForward\FashionForward.csproj", "{06F065C2-3712-4F6F-9704-54E7C56F9204}"
EndProject
Global
	GlobalSection(SolutionConfigurationPlatforms) = preSolution
		Debug|Any CPU = Debug|Any CPU
		Release|Any CPU = Release|Any CPU
	EndGlobalSection
	GlobalSection(ProjectConfigurationPlatforms) = postSolution
		{06F065C2-3712-4F6F-9704-54E7C56F9204}.Debug|Any CPU.ActiveCfg = Debug|Any CPU
		{06F065C2-3712-4F6F-9704-54E7C56F9204}.Debug|Any CPU.Build.0 = Debug|Any CPU
		{06F065C2-3712-4F6F-9704-54E7C56F9204}.Release|Any CPU.ActiveCfg = Release|Any CPU
		{06F065C2-3712-4F6F-9704-54E7C56F9204}.Release|Any CPU.Build.0 = Release|Any CPU
	EndGlobalSection
	GlobalSection(SolutionProperties) = preSolution
		HideSolutionNode = FALSE
	EndGlobalSection
	GlobalSection(ExtensibilityGlobals) = postSolution
		SolutionGuid = {3E28E949-9F12-433C-8C52-F07F25ABC885}
	EndGlobalSection
EndGlobal
